
Microsoft Visual Studio Solution File, Format Version 12.00
# Visual Studio Version 17
VisualStudioVersion = 17.3.32922.545
MinimumVisualStudioVersion = 10.0.40219.1
Project("{FAE04EC0-301F-11D3-BF4B-00C04F79EFBC}") = "HW6_CustomDictionary", "HW6_CustomDictionary.csproj", "{312CB783-D9FF-431B-894E-7D546C4764DB}"
EndProject
Global
	GlobalSection(SolutionConfigurationPlatforms) = preSolution
		Debug|Any CPU = Debug|Any CPU
		Release|Any CPU = Release|Any CPU
	EndGlobalSection
	GlobalSection(ProjectConfigurationPlatforms) = postSolution
		{312CB783-D9FF-431B-894E-7D546C4764DB}.Debug|Any CPU.ActiveCfg = Debug|Any CPU
		{312CB783-D9FF-431B-894E-7D546C4764DB}.Debug|Any CPU.Build.0 = Debug|Any CPU
		{312CB783-D9FF-431B-894E-7D546C4764DB}.Release|Any CPU.ActiveCfg = Release|Any CPU
		{312CB783-D9FF-431B-894E-7D546C4764DB}.Release|Any CPU.Build.0 = Release|Any CPU
	EndGlobalSection
	GlobalSection(SolutionProperties) = preSolution
		HideSolutionNode = FALSE
	EndGlobalSection
	GlobalSection(ExtensibilityGlobals) = postSolution
		SolutionGuid = {815EE7AE-3416-47B8-9D09-A6F0E531BA78}
	EndGlobalSection
EndGlobal
